# generated by rye
# use `rye lock` or `rye sync` to update this lockfile
#
# last locked with the following flags:
#   pre: false
#   features: []
#   all-features: false
#   with-sources: false

-e file:.
absl-py==2.1.0
    # via etils
    # via tensorboard
    # via tensorflow-datasets
    # via tensorflow-macos
astunparse==1.6.3
    # via tensorflow-macos
cachetools==5.3.3
    # via google-auth
certifi==2024.2.2
    # via requests
charset-normalizer==3.3.2
    # via requests
click==8.1.7
    # via tensorflow-datasets
dm-tree==0.1.8
    # via tensorflow-datasets
etils==1.7.0
    # via tensorflow-datasets
filelock==3.13.1
    # via torch
flatbuffers==24.3.6
    # via tensorflow-macos
fsspec==2024.2.0
    # via etils
    # via torch
gast==0.5.4
    # via tensorflow-macos
google-auth==2.28.1
    # via google-auth-oauthlib
    # via tensorboard
google-auth-oauthlib==1.2.0
    # via tensorboard
google-pasta==0.2.0
    # via tensorflow-macos
googleapis-common-protos==1.62.0
    # via tensorflow-metadata
grpcio==1.62.0
    # via tensorboard
    # via tensorflow-macos
h5py==3.10.0
    # via tensorflow-macos
idna==3.6
    # via requests
importlib-resources==6.1.2
    # via etils
jinja2==3.1.3
    # via torch
keras==2.15.0
    # via tensorflow-macos
libclang==16.0.6
    # via tensorflow-macos
markdown==3.5.2
    # via tensorboard
markupsafe==2.1.5
    # via jinja2
    # via werkzeug
ml-dtypes==0.2.0
    # via tensorflow-macos
mpmath==1.3.0
    # via sympy
networkx==3.2.1
    # via torch
numpy==1.26.4
    # via etils
    # via h5py
    # via ml-dtypes
    # via opt-einsum
    # via tensorboard
    # via tensorflow-datasets
    # via tensorflow-macos
    # via torchvision
oauthlib==3.2.2
    # via requests-oauthlib
opt-einsum==3.3.0
    # via tensorflow-macos
packaging==23.2
    # via tensorflow-macos
pillow==10.2.0
    # via torchvision
promise==2.3
    # via tensorflow-datasets
protobuf==3.20.3
    # via googleapis-common-protos
    # via tensorboard
    # via tensorflow-datasets
    # via tensorflow-macos
    # via tensorflow-metadata
psutil==5.9.8
    # via tensorflow-datasets
pyasn1==0.5.1
    # via pyasn1-modules
    # via rsa
pyasn1-modules==0.3.0
    # via google-auth
requests==2.31.0
    # via requests-oauthlib
    # via tensorboard
    # via tensorflow-datasets
requests-oauthlib==1.3.1
    # via google-auth-oauthlib
rsa==4.9
    # via google-auth
setuptools==69.1.1
    # via tensorboard
    # via tensorflow-macos
six==1.16.0
    # via astunparse
    # via google-pasta
    # via promise
    # via tensorboard
    # via tensorflow-macos
sympy==1.12
    # via torch
tensorboard==2.15.2
    # via tensorflow-macos
tensorboard-data-server==0.7.2
    # via tensorboard
tensorflow==2.15.0
    # via language-table-dev
tensorflow-datasets==4.9.4
    # via language-table-dev
tensorflow-estimator==2.15.0
    # via tensorflow-macos
tensorflow-io-gcs-filesystem==0.36.0
    # via tensorflow-macos
tensorflow-macos==2.15.0
    # via tensorflow
tensorflow-metadata==0.22.2
    # via tensorflow-datasets
termcolor==2.4.0
    # via tensorflow-datasets
    # via tensorflow-macos
toml==0.10.2
    # via tensorflow-datasets
torch==2.2.1
    # via language-table-dev
    # via torchvision
torchvision==0.17.1
    # via language-table-dev
tqdm==4.66.2
    # via etils
    # via tensorflow-datasets
typing-extensions==4.10.0
    # via etils
    # via tensorflow-macos
    # via torch
urllib3==2.2.1
    # via requests
werkzeug==3.0.1
    # via tensorboard
wheel==0.42.0
    # via astunparse
wrapt==1.14.1
    # via tensorflow-datasets
    # via tensorflow-macos
zipp==3.17.0
    # via etils
